
Microsoft Visual Studio Solution File, Format Version 12.00
# Visual Studio 15
VisualStudioVersion = 15.0.26430.16
MinimumVisualStudioVersion = 10.0.40219.1
Project("{FAE04EC0-301F-11D3-BF4B-00C04F79EFBC}") = "Ex1", "Ex1\Ex1.csproj", "{EF15361C-77FE-4B74-B005-D9A18A987366}"
EndProject
Project("{FAE04EC0-301F-11D3-BF4B-00C04F79EFBC}") = "Ex2", "Ex2\Ex2.csproj", "{28036C04-D0A3-4D1E-B5EA-AC1DDEEC3C77}"
EndProject
Project("{FAE04EC0-301F-11D3-BF4B-00C04F79EFBC}") = "Ex3", "Ex3\Ex3.csproj", "{84AE917E-C372-408D-80CF-DAD050532AA1}"
EndProject
Project("{FAE04EC0-301F-11D3-BF4B-00C04F79EFBC}") = "Ex4", "Ex4\Ex4.csproj", "{EB2E83FA-F800-4203-AE84-C44FE439CB1F}"
EndProject
Project("{FAE04EC0-301F-11D3-BF4B-00C04F79EFBC}") = "Ex5", "Ex5\Ex5.csproj", "{158E61C0-895A-48DC-9A50-1EBAE9C193ED}"
EndProject
Project("{FAE04EC0-301F-11D3-BF4B-00C04F79EFBC}") = "Ex6", "Ex6\Ex6.csproj", "{9A1B610A-4B5E-484E-837F-E91C9422E6FF}"
EndProject
Project("{FAE04EC0-301F-11D3-BF4B-00C04F79EFBC}") = "Ex7", "Ex7\Ex7.csproj", "{BB1D334B-E616-425E-85D1-F4F234F05966}"
EndProject
Project("{FAE04EC0-301F-11D3-BF4B-00C04F79EFBC}") = "Ex8", "Ex8\Ex8.csproj", "{4168DB5B-B0C1-4396-B516-4E5BD77DABB8}"
EndProject
Project("{FAE04EC0-301F-11D3-BF4B-00C04F79EFBC}") = "Ex9", "Ex9\Ex9.csproj", "{709CC014-B230-4C25-B94C-9478071AB3E7}"
EndProject
Project("{FAE04EC0-301F-11D3-BF4B-00C04F79EFBC}") = "Ex91", "Ex91\Ex91.csproj", "{0551E70B-FBBF-4E85-A031-B9AE796E5CF5}"
EndProject
Project("{FAE04EC0-301F-11D3-BF4B-00C04F79EFBC}") = "Ex92", "Ex92\Ex92.csproj", "{D6A89468-3F91-47AD-979B-0667019D1A68}"
EndProject
Project("{FAE04EC0-301F-11D3-BF4B-00C04F79EFBC}") = "Ex991", "Ex991\Ex991.csproj", "{B02564D3-3A89-4CA3-8F8D-F56FD8E1C861}"
EndProject
Project("{FAE04EC0-301F-11D3-BF4B-00C04F79EFBC}") = "Ex992", "Ex992\Ex992.csproj", "{102410AE-4839-4741-86BC-EB5ED120910E}"
EndProject
Project("{FAE04EC0-301F-11D3-BF4B-00C04F79EFBC}") = "Ex993", "Ex993\Ex993.csproj", "{FE1EB773-86EF-4967-910C-DC6599AA6509}"
EndProject
Project("{FAE04EC0-301F-11D3-BF4B-00C04F79EFBC}") = "WindowsFormsApp1", "WindowsFormsApp1\WindowsFormsApp1.csproj", "{2FBDC8B4-7E26-4702-9966-2D25008CD934}"
EndProject
Global
	GlobalSection(SolutionConfigurationPlatforms) = preSolution
		Debug|Any CPU = Debug|Any CPU
		Debug|x86 = Debug|x86
		Release|Any CPU = Release|Any CPU
		Release|x86 = Release|x86
	EndGlobalSection
	GlobalSection(ProjectConfigurationPlatforms) = postSolution
		{EF15361C-77FE-4B74-B005-D9A18A987366}.Debug|Any CPU.ActiveCfg = Debug|x86
		{EF15361C-77FE-4B74-B005-D9A18A987366}.Debug|x86.ActiveCfg = Debug|x86
		{EF15361C-77FE-4B74-B005-D9A18A987366}.Debug|x86.Build.0 = Debug|x86
		{EF15361C-77FE-4B74-B005-D9A18A987366}.Release|Any CPU.ActiveCfg = Release|x86
		{EF15361C-77FE-4B74-B005-D9A18A987366}.Release|x86.ActiveCfg = Release|x86
		{EF15361C-77FE-4B74-B005-D9A18A987366}.Release|x86.Build.0 = Release|x86
		{28036C04-D0A3-4D1E-B5EA-AC1DDEEC3C77}.Debug|Any CPU.ActiveCfg = Debug|x86
		{28036C04-D0A3-4D1E-B5EA-AC1DDEEC3C77}.Debug|x86.ActiveCfg = Debug|x86
		{28036C04-D0A3-4D1E-B5EA-AC1DDEEC3C77}.Debug|x86.Build.0 = Debug|x86
		{28036C04-D0A3-4D1E-B5EA-AC1DDEEC3C77}.Release|Any CPU.ActiveCfg = Release|x86
		{28036C04-D0A3-4D1E-B5EA-AC1DDEEC3C77}.Release|x86.ActiveCfg = Release|x86
		{28036C04-D0A3-4D1E-B5EA-AC1DDEEC3C77}.Release|x86.Build.0 = Release|x86
		{84AE917E-C372-408D-80CF-DAD050532AA1}.Debug|Any CPU.ActiveCfg = Debug|x86
		{84AE917E-C372-408D-80CF-DAD050532AA1}.Debug|x86.ActiveCfg = Debug|x86
		{84AE917E-C372-408D-80CF-DAD050532AA1}.Debug|x86.Build.0 = Debug|x86
		{84AE917E-C372-408D-80CF-DAD050532AA1}.Release|Any CPU.ActiveCfg = Release|x86
		{84AE917E-C372-408D-80CF-DAD050532AA1}.Release|x86.ActiveCfg = Release|x86
		{84AE917E-C372-408D-80CF-DAD050532AA1}.Release|x86.Build.0 = Release|x86
		{EB2E83FA-F800-4203-AE84-C44FE439CB1F}.Debug|Any CPU.ActiveCfg = Debug|x86
		{EB2E83FA-F800-4203-AE84-C44FE439CB1F}.Debug|x86.ActiveCfg = Debug|x86
		{EB2E83FA-F800-4203-AE84-C44FE439CB1F}.Debug|x86.Build.0 = Debug|x86
		{EB2E83FA-F800-4203-AE84-C44FE439CB1F}.Release|Any CPU.ActiveCfg = Release|x86
		{EB2E83FA-F800-4203-AE84-C44FE439CB1F}.Release|x86.ActiveCfg = Release|x86
		{EB2E83FA-F800-4203-AE84-C44FE439CB1F}.Release|x86.Build.0 = Release|x86
		{158E61C0-895A-48DC-9A50-1EBAE9C193ED}.Debug|Any CPU.ActiveCfg = Debug|x86
		{158E61C0-895A-48DC-9A50-1EBAE9C193ED}.Debug|x86.ActiveCfg = Debug|x86
		{158E61C0-895A-48DC-9A50-1EBAE9C193ED}.Debug|x86.Build.0 = Debug|x86
		{158E61C0-895A-48DC-9A50-1EBAE9C193ED}.Release|Any CPU.ActiveCfg = Release|x86
		{158E61C0-895A-48DC-9A50-1EBAE9C193ED}.Release|x86.ActiveCfg = Release|x86
		{158E61C0-895A-48DC-9A50-1EBAE9C193ED}.Release|x86.Build.0 = Release|x86
		{9A1B610A-4B5E-484E-837F-E91C9422E6FF}.Debug|Any CPU.ActiveCfg = Debug|x86
		{9A1B610A-4B5E-484E-837F-E91C9422E6FF}.Debug|x86.ActiveCfg = Debug|x86
		{9A1B610A-4B5E-484E-837F-E91C9422E6FF}.Debug|x86.Build.0 = Debug|x86
		{9A1B610A-4B5E-484E-837F-E91C9422E6FF}.Release|Any CPU.ActiveCfg = Release|x86
		{9A1B610A-4B5E-484E-837F-E91C9422E6FF}.Release|x86.ActiveCfg = Release|x86
		{9A1B610A-4B5E-484E-837F-E91C9422E6FF}.Release|x86.Build.0 = Release|x86
		{BB1D334B-E616-425E-85D1-F4F234F05966}.Debug|Any CPU.ActiveCfg = Debug|x86
		{BB1D334B-E616-425E-85D1-F4F234F05966}.Debug|x86.ActiveCfg = Debug|x86
		{BB1D334B-E616-425E-85D1-F4F234F05966}.Debug|x86.Build.0 = Debug|x86
		{BB1D334B-E616-425E-85D1-F4F234F05966}.Release|Any CPU.ActiveCfg = Release|x86
		{BB1D334B-E616-425E-85D1-F4F234F05966}.Release|x86.ActiveCfg = Release|x86
		{BB1D334B-E616-425E-85D1-F4F234F05966}.Release|x86.Build.0 = Release|x86
		{4168DB5B-B0C1-4396-B516-4E5BD77DABB8}.Debug|Any CPU.ActiveCfg = Debug|x86
		{4168DB5B-B0C1-4396-B516-4E5BD77DABB8}.Debug|x86.ActiveCfg = Debug|x86
		{4168DB5B-B0C1-4396-B516-4E5BD77DABB8}.Debug|x86.Build.0 = Debug|x86
		{4168DB5B-B0C1-4396-B516-4E5BD77DABB8}.Release|Any CPU.ActiveCfg = Release|x86
		{4168DB5B-B0C1-4396-B516-4E5BD77DABB8}.Release|x86.ActiveCfg = Release|x86
		{4168DB5B-B0C1-4396-B516-4E5BD77DABB8}.Release|x86.Build.0 = Release|x86
		{709CC014-B230-4C25-B94C-9478071AB3E7}.Debug|Any CPU.ActiveCfg = Debug|x86
		{709CC014-B230-4C25-B94C-9478071AB3E7}.Debug|x86.ActiveCfg = Debug|x86
		{709CC014-B230-4C25-B94C-9478071AB3E7}.Debug|x86.Build.0 = Debug|x86
		{709CC014-B230-4C25-B94C-9478071AB3E7}.Release|Any CPU.ActiveCfg = Release|x86
		{709CC014-B230-4C25-B94C-9478071AB3E7}.Release|x86.ActiveCfg = Release|x86
		{709CC014-B230-4C25-B94C-9478071AB3E7}.Release|x86.Build.0 = Release|x86
		{0551E70B-FBBF-4E85-A031-B9AE796E5CF5}.Debug|Any CPU.ActiveCfg = Debug|x86
		{0551E70B-FBBF-4E85-A031-B9AE796E5CF5}.Debug|x86.ActiveCfg = Debug|x86
		{0551E70B-FBBF-4E85-A031-B9AE796E5CF5}.Debug|x86.Build.0 = Debug|x86
		{0551E70B-FBBF-4E85-A031-B9AE796E5CF5}.Release|Any CPU.ActiveCfg = Release|x86
		{0551E70B-FBBF-4E85-A031-B9AE796E5CF5}.Release|x86.ActiveCfg = Release|x86
		{0551E70B-FBBF-4E85-A031-B9AE796E5CF5}.Release|x86.Build.0 = Release|x86
		{D6A89468-3F91-47AD-979B-0667019D1A68}.Debug|Any CPU.ActiveCfg = Debug|x86
		{D6A89468-3F91-47AD-979B-0667019D1A68}.Debug|x86.ActiveCfg = Debug|x86
		{D6A89468-3F91-47AD-979B-0667019D1A68}.Debug|x86.Build.0 = Debug|x86
		{D6A89468-3F91-47AD-979B-0667019D1A68}.Release|Any CPU.ActiveCfg = Release|x86
		{D6A89468-3F91-47AD-979B-0667019D1A68}.Release|x86.ActiveCfg = Release|x86
		{D6A89468-3F91-47AD-979B-0667019D1A68}.Release|x86.Build.0 = Release|x86
		{B02564D3-3A89-4CA3-8F8D-F56FD8E1C861}.Debug|Any CPU.ActiveCfg = Debug|x86
		{B02564D3-3A89-4CA3-8F8D-F56FD8E1C861}.Debug|x86.ActiveCfg = Debug|x86
		{B02564D3-3A89-4CA3-8F8D-F56FD8E1C861}.Debug|x86.Build.0 = Debug|x86
		{B02564D3-3A89-4CA3-8F8D-F56FD8E1C861}.Release|Any CPU.ActiveCfg = Release|x86
		{B02564D3-3A89-4CA3-8F8D-F56FD8E1C861}.Release|x86.ActiveCfg = Release|x86
		{B02564D3-3A89-4CA3-8F8D-F56FD8E1C861}.Release|x86.Build.0 = Release|x86
		{102410AE-4839-4741-86BC-EB5ED120910E}.Debug|Any CPU.ActiveCfg = Debug|x86
		{102410AE-4839-4741-86BC-EB5ED120910E}.Debug|x86.ActiveCfg = Debug|x86
		{102410AE-4839-4741-86BC-EB5ED120910E}.Debug|x86.Build.0 = Debug|x86
		{102410AE-4839-4741-86BC-EB5ED120910E}.Release|Any CPU.ActiveCfg = Release|x86
		{102410AE-4839-4741-86BC-EB5ED120910E}.Release|x86.ActiveCfg = Release|x86
		{102410AE-4839-4741-86BC-EB5ED120910E}.Release|x86.Build.0 = Release|x86
		{FE1EB773-86EF-4967-910C-DC6599AA6509}.Debug|Any CPU.ActiveCfg = Debug|x86
		{FE1EB773-86EF-4967-910C-DC6599AA6509}.Debug|x86.ActiveCfg = Debug|x86
		{FE1EB773-86EF-4967-910C-DC6599AA6509}.Debug|x86.Build.0 = Debug|x86
		{FE1EB773-86EF-4967-910C-DC6599AA6509}.Release|Any CPU.ActiveCfg = Release|x86
		{FE1EB773-86EF-4967-910C-DC6599AA6509}.Release|x86.ActiveCfg = Release|x86
		{FE1EB773-86EF-4967-910C-DC6599AA6509}.Release|x86.Build.0 = Release|x86
		{2FBDC8B4-7E26-4702-9966-2D25008CD934}.Debug|Any CPU.ActiveCfg = Debug|Any CPU
		{2FBDC8B4-7E26-4702-9966-2D25008CD934}.Debug|Any CPU.Build.0 = Debug|Any CPU
		{2FBDC8B4-7E26-4702-9966-2D25008CD934}.Debug|x86.ActiveCfg = Debug|Any CPU
		{2FBDC8B4-7E26-4702-9966-2D25008CD934}.Debug|x86.Build.0 = Debug|Any CPU
		{2FBDC8B4-7E26-4702-9966-2D25008CD934}.Release|Any CPU.ActiveCfg = Release|Any CPU
		{2FBDC8B4-7E26-4702-9966-2D25008CD934}.Release|Any CPU.Build.0 = Release|Any CPU
		{2FBDC8B4-7E26-4702-9966-2D25008CD934}.Release|x86.ActiveCfg = Release|Any CPU
		{2FBDC8B4-7E26-4702-9966-2D25008CD934}.Release|x86.Build.0 = Release|Any CPU
	EndGlobalSection
	GlobalSection(SolutionProperties) = preSolution
		HideSolutionNode = FALSE
	EndGlobalSection
EndGlobal
